
Microsoft Visual Studio Solution File, Format Version 12.00
# Visual Studio 15
VisualStudioVersion = 15.0.27428.2002
MinimumVisualStudioVersion = 10.0.40219.1
Project("{FAE04EC0-301F-11D3-BF4B-00C04F79EFBC}") = "MyWorkoutLog.UI", "MyWorkoutLog.UI\MyWorkoutLog.UI.csproj", "{4F89EEA3-A0DD-41C9-B666-25E1258CABB0}"
EndProject
Project("{FAE04EC0-301F-11D3-BF4B-00C04F79EFBC}") = "MyWorkoutLog.Tests", "MyWorkoutLog.Tests\MyWorkoutLog.Tests.csproj", "{7693202D-7440-4CF1-9033-EEE13CC9AFB3}"
EndProject
Project("{FAE04EC0-301F-11D3-BF4B-00C04F79EFBC}") = "MyWorkoutLog.Models", "MyWorkoutLog.Models\MyWorkoutLog.Models.csproj", "{DC94788C-4F81-4E06-B4D9-736131F13566}"
EndProject
Project("{FAE04EC0-301F-11D3-BF4B-00C04F79EFBC}") = "MyWorkoutLog.Data", "MyWorkoutLog.Data\MyWorkoutLog.Data.csproj", "{A42B5FD4-F315-4FC3-A056-FD2116C3DEE0}"
EndProject
Global
	GlobalSection(SolutionConfigurationPlatforms) = preSolution
		Debug|Any CPU = Debug|Any CPU
		Release|Any CPU = Release|Any CPU
	EndGlobalSection
	GlobalSection(ProjectConfigurationPlatforms) = postSolution
		{4F89EEA3-A0DD-41C9-B666-25E1258CABB0}.Debug|Any CPU.ActiveCfg = Debug|Any CPU
		{4F89EEA3-A0DD-41C9-B666-25E1258CABB0}.Debug|Any CPU.Build.0 = Debug|Any CPU
		{4F89EEA3-A0DD-41C9-B666-25E1258CABB0}.Release|Any CPU.ActiveCfg = Release|Any CPU
		{4F89EEA3-A0DD-41C9-B666-25E1258CABB0}.Release|Any CPU.Build.0 = Release|Any CPU
		{7693202D-7440-4CF1-9033-EEE13CC9AFB3}.Debug|Any CPU.ActiveCfg = Debug|Any CPU
		{7693202D-7440-4CF1-9033-EEE13CC9AFB3}.Debug|Any CPU.Build.0 = Debug|Any CPU
		{7693202D-7440-4CF1-9033-EEE13CC9AFB3}.Release|Any CPU.ActiveCfg = Release|Any CPU
		{7693202D-7440-4CF1-9033-EEE13CC9AFB3}.Release|Any CPU.Build.0 = Release|Any CPU
		{DC94788C-4F81-4E06-B4D9-736131F13566}.Debug|Any CPU.ActiveCfg = Debug|Any CPU
		{DC94788C-4F81-4E06-B4D9-736131F13566}.Debug|Any CPU.Build.0 = Debug|Any CPU
		{DC94788C-4F81-4E06-B4D9-736131F13566}.Release|Any CPU.ActiveCfg = Release|Any CPU
		{DC94788C-4F81-4E06-B4D9-736131F13566}.Release|Any CPU.Build.0 = Release|Any CPU
		{A42B5FD4-F315-4FC3-A056-FD2116C3DEE0}.Debug|Any CPU.ActiveCfg = Debug|Any CPU
		{A42B5FD4-F315-4FC3-A056-FD2116C3DEE0}.Debug|Any CPU.Build.0 = Debug|Any CPU
		{A42B5FD4-F315-4FC3-A056-FD2116C3DEE0}.Release|Any CPU.ActiveCfg = Release|Any CPU
		{A42B5FD4-F315-4FC3-A056-FD2116C3DEE0}.Release|Any CPU.Build.0 = Release|Any CPU
	EndGlobalSection
	GlobalSection(SolutionProperties) = preSolution
		HideSolutionNode = FALSE
	EndGlobalSection
	GlobalSection(ExtensibilityGlobals) = postSolution
		SolutionGuid = {DC15EC73-4D07-4860-9629-E7E6CDB276EF}
	EndGlobalSection
EndGlobal
