
Microsoft Visual Studio Solution File, Format Version 12.00
# Visual Studio 15
VisualStudioVersion = 15.0.27428.2002
MinimumVisualStudioVersion = 10.0.40219.1
Project("{FAE04EC0-301F-11D3-BF4B-00C04F79EFBC}") = "MyWorkoutLog.UI", "MyWorkoutLog.UI\MyWorkoutLog.UI.csproj", "{4F89EEA3-A0DD-41C9-B666-25E1258CABB0}"
EndProject
Global
	GlobalSection(SolutionConfigurationPlatforms) = preSolution
		Debug|Any CPU = Debug|Any CPU
		Release|Any CPU = Release|Any CPU
	EndGlobalSection
	GlobalSection(ProjectConfigurationPlatforms) = postSolution
		{4F89EEA3-A0DD-41C9-B666-25E1258CABB0}.Debug|Any CPU.ActiveCfg = Debug|Any CPU
		{4F89EEA3-A0DD-41C9-B666-25E1258CABB0}.Debug|Any CPU.Build.0 = Debug|Any CPU
		{4F89EEA3-A0DD-41C9-B666-25E1258CABB0}.Release|Any CPU.ActiveCfg = Release|Any CPU
		{4F89EEA3-A0DD-41C9-B666-25E1258CABB0}.Release|Any CPU.Build.0 = Release|Any CPU
	EndGlobalSection
	GlobalSection(SolutionProperties) = preSolution
		HideSolutionNode = FALSE
	EndGlobalSection
	GlobalSection(ExtensibilityGlobals) = postSolution
		SolutionGuid = {DC15EC73-4D07-4860-9629-E7E6CDB276EF}
	EndGlobalSection
EndGlobal
